// !$*UTF8*$!
{
	archiveVersion = 1;
	classes = {
	};
	objectVersion = 50;
	objects = {

/* Begin PBXBuildFile section */
		C026225F250C72190035DF13 /* AppDelegate.swift in Sources */ = {isa = PBXBuildFile; fileRef = C026225E250C72190035DF13 /* AppDelegate.swift */; };
		C0262261250C72190035DF13 /* SceneDelegate.swift in Sources */ = {isa = PBXBuildFile; fileRef = C0262260250C72190035DF13 /* SceneDelegate.swift */; };
		C0262263250C72190035DF13 /* ViewController.swift in Sources */ = {isa = PBXBuildFile; fileRef = C0262262250C72190035DF13 /* ViewController.swift */; };
		C0262266250C72190035DF13 /* Main.storyboard in Resources */ = {isa = PBXBuildFile; fileRef = C0262264250C72190035DF13 /* Main.storyboard */; };
		C0262268250C721D0035DF13 /* Assets.xcassets in Resources */ = {isa = PBXBuildFile; fileRef = C0262267250C721D0035DF13 /* Assets.xcassets */; };
		C026226B250C721D0035DF13 /* LaunchScreen.storyboard in Resources */ = {isa = PBXBuildFile; fileRef = C0262269250C721D0035DF13 /* LaunchScreen.storyboard */; };
		C0262277250C7DCB0035DF13 /* GLKitPanoViewController.swift in Sources */ = {isa = PBXBuildFile; fileRef = C0262276250C7DCB0035DF13 /* GLKitPanoViewController.swift */; };
		C0262279250C7E260035DF13 /* PanoViewType.swift in Sources */ = {isa = PBXBuildFile; fileRef = C0262278250C7E260035DF13 /* PanoViewType.swift */; };
		C026227B250C7E5A0035DF13 /* ViewTransform.swift in Sources */ = {isa = PBXBuildFile; fileRef = C026227A250C7E5A0035DF13 /* ViewTransform.swift */; };
		C026227D250C7E960035DF13 /* Array+MemorySize.swift in Sources */ = {isa = PBXBuildFile; fileRef = C026227C250C7E960035DF13 /* Array+MemorySize.swift */; };
		C0262286250C87F20035DF13 /* pano-2048-1024.jpg in Resources */ = {isa = PBXBuildFile; fileRef = C0262284250C87F20035DF13 /* pano-2048-1024.jpg */; };
		C0262287250C87F20035DF13 /* pano-4096-2048.jpg in Resources */ = {isa = PBXBuildFile; fileRef = C0262285250C87F20035DF13 /* pano-4096-2048.jpg */; };
		C0262289250CB8980035DF13 /* GLSLPanoViewController.swift in Sources */ = {isa = PBXBuildFile; fileRef = C0262288250CB8980035DF13 /* GLSLPanoViewController.swift */; };
		C026228B250CB8CB0035DF13 /* GLSLPanoView.swift in Sources */ = {isa = PBXBuildFile; fileRef = C026228A250CB8CB0035DF13 /* GLSLPanoView.swift */; };
		C026228D250CB90C0035DF13 /* GLViewable.swift in Sources */ = {isa = PBXBuildFile; fileRef = C026228C250CB90C0035DF13 /* GLViewable.swift */; };
		C0262290250CB9840035DF13 /* Pano.fsh in Resources */ = {isa = PBXBuildFile; fileRef = C026228F250CB9830035DF13 /* Pano.fsh */; };
		C0262292250CB9890035DF13 /* Pano.vsh in Resources */ = {isa = PBXBuildFile; fileRef = C0262291250CB9890035DF13 /* Pano.vsh */; };
/* End PBXBuildFile section */

/* Begin PBXFileReference section */
		C026225B250C72190035DF13 /* HSGLPanoViewer.app */ = {isa = PBXFileReference; explicitFileType = wrapper.application; includeInIndex = 0; path = HSGLPanoViewer.app; sourceTree = BUILT_PRODUCTS_DIR; };
		C026225E250C72190035DF13 /* AppDelegate.swift */ = {isa = PBXFileReference; lastKnownFileType = sourcecode.swift; path = AppDelegate.swift; sourceTree = "<group>"; };
		C0262260250C72190035DF13 /* SceneDelegate.swift */ = {isa = PBXFileReference; lastKnownFileType = sourcecode.swift; path = SceneDelegate.swift; sourceTree = "<group>"; };
		C0262262250C72190035DF13 /* ViewController.swift */ = {isa = PBXFileReference; lastKnownFileType = sourcecode.swift; path = ViewController.swift; sourceTree = "<group>"; };
		C0262265250C72190035DF13 /* Base */ = {isa = PBXFileReference; lastKnownFileType = file.storyboard; name = Base; path = Base.lproj/Main.storyboard; sourceTree = "<group>"; };
		C0262267250C721D0035DF13 /* Assets.xcassets */ = {isa = PBXFileReference; lastKnownFileType = folder.assetcatalog; path = Assets.xcassets; sourceTree = "<group>"; };
		C026226A250C721D0035DF13 /* Base */ = {isa = PBXFileReference; lastKnownFileType = file.storyboard; name = Base; path = Base.lproj/LaunchScreen.storyboard; sourceTree = "<group>"; };
		C026226C250C721D0035DF13 /* Info.plist */ = {isa = PBXFileReference; lastKnownFileType = text.plist.xml; path = Info.plist; sourceTree = "<group>"; };
		C0262276250C7DCB0035DF13 /* GLKitPanoViewController.swift */ = {isa = PBXFileReference; fileEncoding = 4; lastKnownFileType = sourcecode.swift; path = GLKitPanoViewController.swift; sourceTree = "<group>"; };
		C0262278250C7E260035DF13 /* PanoViewType.swift */ = {isa = PBXFileReference; lastKnownFileType = sourcecode.swift; path = PanoViewType.swift; sourceTree = "<group>"; };
		C026227A250C7E5A0035DF13 /* ViewTransform.swift */ = {isa = PBXFileReference; lastKnownFileType = sourcecode.swift; path = ViewTransform.swift; sourceTree = "<group>"; };
		C026227C250C7E960035DF13 /* Array+MemorySize.swift */ = {isa = PBXFileReference; fileEncoding = 4; lastKnownFileType = sourcecode.swift; path = "Array+MemorySize.swift"; sourceTree = "<group>"; };
		C0262284250C87F20035DF13 /* pano-2048-1024.jpg */ = {isa = PBXFileReference; lastKnownFileType = image.jpeg; path = "pano-2048-1024.jpg"; sourceTree = "<group>"; };
		C0262285250C87F20035DF13 /* pano-4096-2048.jpg */ = {isa = PBXFileReference; lastKnownFileType = image.jpeg; path = "pano-4096-2048.jpg"; sourceTree = "<group>"; };
		C0262288250CB8980035DF13 /* GLSLPanoViewController.swift */ = {isa = PBXFileReference; lastKnownFileType = sourcecode.swift; path = GLSLPanoViewController.swift; sourceTree = "<group>"; };
		C026228A250CB8CB0035DF13 /* GLSLPanoView.swift */ = {isa = PBXFileReference; lastKnownFileType = sourcecode.swift; path = GLSLPanoView.swift; sourceTree = "<group>"; };
		C026228C250CB90C0035DF13 /* GLViewable.swift */ = {isa = PBXFileReference; fileEncoding = 4; lastKnownFileType = sourcecode.swift; path = GLViewable.swift; sourceTree = "<group>"; };
		C026228F250CB9830035DF13 /* Pano.fsh */ = {isa = PBXFileReference; fileEncoding = 4; lastKnownFileType = sourcecode.glsl; path = Pano.fsh; sourceTree = "<group>"; };
		C0262291250CB9890035DF13 /* Pano.vsh */ = {isa = PBXFileReference; fileEncoding = 4; lastKnownFileType = sourcecode.glsl; path = Pano.vsh; sourceTree = "<group>"; };
/* End PBXFileReference section */

/* Begin PBXFrameworksBuildPhase section */
		C0262258250C72190035DF13 /* Frameworks */ = {
			isa = PBXFrameworksBuildPhase;
			buildActionMask = 2147483647;
			files = (
			);
			runOnlyForDeploymentPostprocessing = 0;
		};
/* End PBXFrameworksBuildPhase section */

/* Begin PBXGroup section */
		C0262252250C72190035DF13 = {
			isa = PBXGroup;
			children = (
				C026225D250C72190035DF13 /* HSGLPanoViewer */,
				C026225C250C72190035DF13 /* Products */,
			);
			sourceTree = "<group>";
		};
		C026225C250C72190035DF13 /* Products */ = {
			isa = PBXGroup;
			children = (
				C026225B250C72190035DF13 /* HSGLPanoViewer.app */,
			);
			name = Products;
			sourceTree = "<group>";
		};
		C026225D250C72190035DF13 /* HSGLPanoViewer */ = {
			isa = PBXGroup;
			children = (
				C0262272250C753B0035DF13 /* GLKitPano */,
				C0262273250C75620035DF13 /* GLSLPano */,
				C026227E250C801D0035DF13 /* Resources */,
				C026225E250C72190035DF13 /* AppDelegate.swift */,
				C0262260250C72190035DF13 /* SceneDelegate.swift */,
				C0262262250C72190035DF13 /* ViewController.swift */,
				C026226C250C721D0035DF13 /* Info.plist */,
				C0262278250C7E260035DF13 /* PanoViewType.swift */,
				C026227A250C7E5A0035DF13 /* ViewTransform.swift */,
				C026227C250C7E960035DF13 /* Array+MemorySize.swift */,
			);
			path = HSGLPanoViewer;
			sourceTree = "<group>";
		};
		C0262272250C753B0035DF13 /* GLKitPano */ = {
			isa = PBXGroup;
			children = (
				C0262276250C7DCB0035DF13 /* GLKitPanoViewController.swift */,
			);
			path = GLKitPano;
			sourceTree = "<group>";
		};
		C0262273250C75620035DF13 /* GLSLPano */ = {
			isa = PBXGroup;
			children = (
				C026228E250CB9770035DF13 /* Shader */,
				C0262288250CB8980035DF13 /* GLSLPanoViewController.swift */,
				C026228A250CB8CB0035DF13 /* GLSLPanoView.swift */,
				C026228C250CB90C0035DF13 /* GLViewable.swift */,
			);
			path = GLSLPano;
			sourceTree = "<group>";
		};
		C026227E250C801D0035DF13 /* Resources */ = {
			isa = PBXGroup;
			children = (
				C026227F250C804D0035DF13 /* PanoImages */,
				C0262264250C72190035DF13 /* Main.storyboard */,
				C0262269250C721D0035DF13 /* LaunchScreen.storyboard */,
				C0262267250C721D0035DF13 /* Assets.xcassets */,
			);
			path = Resources;
			sourceTree = "<group>";
		};
		C026227F250C804D0035DF13 /* PanoImages */ = {
			isa = PBXGroup;
			children = (
				C0262284250C87F20035DF13 /* pano-2048-1024.jpg */,
				C0262285250C87F20035DF13 /* pano-4096-2048.jpg */,
			);
			path = PanoImages;
			sourceTree = "<group>";
		};
		C026228E250CB9770035DF13 /* Shader */ = {
			isa = PBXGroup;
			children = (
				C0262291250CB9890035DF13 /* Pano.vsh */,
				C026228F250CB9830035DF13 /* Pano.fsh */,
			);
			path = Shader;
			sourceTree = "<group>";
		};
/* End PBXGroup section */

/* Begin PBXNativeTarget section */
		C026225A250C72190035DF13 /* HSGLPanoViewer */ = {
			isa = PBXNativeTarget;
			buildConfigurationList = C026226F250C721D0035DF13 /* Build configuration list for PBXNativeTarget "HSGLPanoViewer" */;
			buildPhases = (
				C0262257250C72190035DF13 /* Sources */,
				C0262258250C72190035DF13 /* Frameworks */,
				C0262259250C72190035DF13 /* Resources */,
			);
			buildRules = (
			);
			dependencies = (
			);
			name = HSGLPanoViewer;
			productName = HSGLPanoViewer;
			productReference = C026225B250C72190035DF13 /* HSGLPanoViewer.app */;
			productType = "com.apple.product-type.application";
		};
/* End PBXNativeTarget section */

/* Begin PBXProject section */
		C0262253250C72190035DF13 /* Project object */ = {
			isa = PBXProject;
			attributes = {
				LastSwiftUpdateCheck = 1160;
				LastUpgradeCheck = 1160;
				ORGANIZATIONNAME = Hanson;
				TargetAttributes = {
					C026225A250C72190035DF13 = {
						CreatedOnToolsVersion = 11.6;
					};
				};
			};
			buildConfigurationList = C0262256250C72190035DF13 /* Build configuration list for PBXProject "HSGLPanoViewer" */;
			compatibilityVersion = "Xcode 9.3";
			developmentRegion = en;
			hasScannedForEncodings = 0;
			knownRegions = (
				en,
				Base,
			);
			mainGroup = C0262252250C72190035DF13;
			productRefGroup = C026225C250C72190035DF13 /* Products */;
			projectDirPath = "";
			projectRoot = "";
			targets = (
				C026225A250C72190035DF13 /* HSGLPanoViewer */,
			);
		};
/* End PBXProject section */

/* Begin PBXResourcesBuildPhase section */
		C0262259250C72190035DF13 /* Resources */ = {
			isa = PBXResourcesBuildPhase;
			buildActionMask = 2147483647;
			files = (
				C0262287250C87F20035DF13 /* pano-4096-2048.jpg in Resources */,
				C026226B250C721D0035DF13 /* LaunchScreen.storyboard in Resources */,
				C0262268250C721D0035DF13 /* Assets.xcassets in Resources */,
				C0262292250CB9890035DF13 /* Pano.vsh in Resources */,
				C0262286250C87F20035DF13 /* pano-2048-1024.jpg in Resources */,
				C0262290250CB9840035DF13 /* Pano.fsh in Resources */,
				C0262266250C72190035DF13 /* Main.storyboard in Resources */,
			);
			runOnlyForDeploymentPostprocessing = 0;
		};
/* End PBXResourcesBuildPhase section */

/* Begin PBXSourcesBuildPhase section */
		C0262257250C72190035DF13 /* Sources */ = {
			isa = PBXSourcesBuildPhase;
			buildActionMask = 2147483647;
			files = (
				C0262277250C7DCB0035DF13 /* GLKitPanoViewController.swift in Sources */,
				C0262263250C72190035DF13 /* ViewController.swift in Sources */,
				C0262279250C7E260035DF13 /* PanoViewType.swift in Sources */,
				C026228B250CB8CB0035DF13 /* GLSLPanoView.swift in Sources */,
				C026227B250C7E5A0035DF13 /* ViewTransform.swift in Sources */,
				C026225F250C72190035DF13 /* AppDelegate.swift in Sources */,
				C026227D250C7E960035DF13 /* Array+MemorySize.swift in Sources */,
				C0262289250CB8980035DF13 /* GLSLPanoViewController.swift in Sources */,
				C0262261250C72190035DF13 /* SceneDelegate.swift in Sources */,
				C026228D250CB90C0035DF13 /* GLViewable.swift in Sources */,
			);
			runOnlyForDeploymentPostprocessing = 0;
		};
/* End PBXSourcesBuildPhase section */

/* Begin PBXVariantGroup section */
		C0262264250C72190035DF13 /* Main.storyboard */ = {
			isa = PBXVariantGroup;
			children = (
				C0262265250C72190035DF13 /* Base */,
			);
			name = Main.storyboard;
			sourceTree = "<group>";
		};
		C0262269250C721D0035DF13 /* LaunchScreen.storyboard */ = {
			isa = PBXVariantGroup;
			children = (
				C026226A250C721D0035DF13 /* Base */,
			);
			name = LaunchScreen.storyboard;
			sourceTree = "<group>";
		};
/* End PBXVariantGroup section */

/* Begin XCBuildConfiguration section */
		C026226D250C721D0035DF13 /* Debug */ = {
			isa = XCBuildConfiguration;
			buildSettings = {
				ALWAYS_SEARCH_USER_PATHS = NO;
				CLANG_ANALYZER_NONNULL = YES;
				CLANG_ANALYZER_NUMBER_OBJECT_CONVERSION = YES_AGGRESSIVE;
				CLANG_CXX_LANGUAGE_STANDARD = "gnu++14";
				CLANG_CXX_LIBRARY = "libc++";
				CLANG_ENABLE_MODULES = YES;
				CLANG_ENABLE_OBJC_ARC = YES;
				CLANG_ENABLE_OBJC_WEAK = YES;
				CLANG_WARN_BLOCK_CAPTURE_AUTORELEASING = YES;
				CLANG_WARN_BOOL_CONVERSION = YES;
				CLANG_WARN_COMMA = YES;
				CLANG_WARN_CONSTANT_CONVERSION = YES;
				CLANG_WARN_DEPRECATED_OBJC_IMPLEMENTATIONS = YES;
				CLANG_WARN_DIRECT_OBJC_ISA_USAGE = YES_ERROR;
				CLANG_WARN_DOCUMENTATION_COMMENTS = YES;
				CLANG_WARN_EMPTY_BODY = YES;
				CLANG_WARN_ENUM_CONVERSION = YES;
				CLANG_WARN_INFINITE_RECURSION = YES;
				CLANG_WARN_INT_CONVERSION = YES;
				CLANG_WARN_NON_LITERAL_NULL_CONVERSION = YES;
				CLANG_WARN_OBJC_IMPLICIT_RETAIN_SELF = YES;
				CLANG_WARN_OBJC_LITERAL_CONVERSION = YES;
				CLANG_WARN_OBJC_ROOT_CLASS = YES_ERROR;
				CLANG_WARN_RANGE_LOOP_ANALYSIS = YES;
				CLANG_WARN_STRICT_PROTOTYPES = YES;
				CLANG_WARN_SUSPICIOUS_MOVE = YES;
				CLANG_WARN_UNGUARDED_AVAILABILITY = YES_AGGRESSIVE;
				CLANG_WARN_UNREACHABLE_CODE = YES;
				CLANG_WARN__DUPLICATE_METHOD_MATCH = YES;
				COPY_PHASE_STRIP = NO;
				DEBUG_INFORMATION_FORMAT = dwarf;
				ENABLE_STRICT_OBJC_MSGSEND = YES;
				ENABLE_TESTABILITY = YES;
				GCC_C_LANGUAGE_STANDARD = gnu11;
				GCC_DYNAMIC_NO_PIC = NO;
				GCC_NO_COMMON_BLOCKS = YES;
				GCC_OPTIMIZATION_LEVEL = 0;
				GCC_PREPROCESSOR_DEFINITIONS = (
					"DEBUG=1",
					"$(inherited)",
				);
				GCC_WARN_64_TO_32_BIT_CONVERSION = YES;
				GCC_WARN_ABOUT_RETURN_TYPE = YES_ERROR;
				GCC_WARN_UNDECLARED_SELECTOR = YES;
				GCC_WARN_UNINITIALIZED_AUTOS = YES_AGGRESSIVE;
				GCC_WARN_UNUSED_FUNCTION = YES;
				GCC_WARN_UNUSED_VARIABLE = YES;
				IPHONEOS_DEPLOYMENT_TARGET = 13.6;
				MTL_ENABLE_DEBUG_INFO = INCLUDE_SOURCE;
				MTL_FAST_MATH = YES;
				ONLY_ACTIVE_ARCH = YES;
				SDKROOT = iphoneos;
				SWIFT_ACTIVE_COMPILATION_CONDITIONS = DEBUG;
				SWIFT_OPTIMIZATION_LEVEL = "-Onone";
			};
			name = Debug;
		};
		C026226E250C721D0035DF13 /* Release */ = {
			isa = XCBuildConfiguration;
			buildSettings = {
				ALWAYS_SEARCH_USER_PATHS = NO;
				CLANG_ANALYZER_NONNULL = YES;
				CLANG_ANALYZER_NUMBER_OBJECT_CONVERSION = YES_AGGRESSIVE;
				CLANG_CXX_LANGUAGE_STANDARD = "gnu++14";
				CLANG_CXX_LIBRARY = "libc++";
				CLANG_ENABLE_MODULES = YES;
				CLANG_ENABLE_OBJC_ARC = YES;
				CLANG_ENABLE_OBJC_WEAK = YES;
				CLANG_WARN_BLOCK_CAPTURE_AUTORELEASING = YES;
				CLANG_WARN_BOOL_CONVERSION = YES;
				CLANG_WARN_COMMA = YES;
				CLANG_WARN_CONSTANT_CONVERSION = YES;
				CLANG_WARN_DEPRECATED_OBJC_IMPLEMENTATIONS = YES;
				CLANG_WARN_DIRECT_OBJC_ISA_USAGE = YES_ERROR;
				CLANG_WARN_DOCUMENTATION_COMMENTS = YES;
				CLANG_WARN_EMPTY_BODY = YES;
				CLANG_WARN_ENUM_CONVERSION = YES;
				CLANG_WARN_INFINITE_RECURSION = YES;
				CLANG_WARN_INT_CONVERSION = YES;
				CLANG_WARN_NON_LITERAL_NULL_CONVERSION = YES;
				CLANG_WARN_OBJC_IMPLICIT_RETAIN_SELF = YES;
				CLANG_WARN_OBJC_LITERAL_CONVERSION = YES;
				CLANG_WARN_OBJC_ROOT_CLASS = YES_ERROR;
				CLANG_WARN_RANGE_LOOP_ANALYSIS = YES;
				CLANG_WARN_STRICT_PROTOTYPES = YES;
				CLANG_WARN_SUSPICIOUS_MOVE = YES;
				CLANG_WARN_UNGUARDED_AVAILABILITY = YES_AGGRESSIVE;
				CLANG_WARN_UNREACHABLE_CODE = YES;
				CLANG_WARN__DUPLICATE_METHOD_MATCH = YES;
				COPY_PHASE_STRIP = NO;
				DEBUG_INFORMATION_FORMAT = "dwarf-with-dsym";
				ENABLE_NS_ASSERTIONS = NO;
				ENABLE_STRICT_OBJC_MSGSEND = YES;
				GCC_C_LANGUAGE_STANDARD = gnu11;
				GCC_NO_COMMON_BLOCKS = YES;
				GCC_WARN_64_TO_32_BIT_CONVERSION = YES;
				GCC_WARN_ABOUT_RETURN_TYPE = YES_ERROR;
				GCC_WARN_UNDECLARED_SELECTOR = YES;
				GCC_WARN_UNINITIALIZED_AUTOS = YES_AGGRESSIVE;
				GCC_WARN_UNUSED_FUNCTION = YES;
				GCC_WARN_UNUSED_VARIABLE = YES;
				IPHONEOS_DEPLOYMENT_TARGET = 13.6;
				MTL_ENABLE_DEBUG_INFO = NO;
				MTL_FAST_MATH = YES;
				SDKROOT = iphoneos;
				SWIFT_COMPILATION_MODE = wholemodule;
				SWIFT_OPTIMIZATION_LEVEL = "-O";
				VALIDATE_PRODUCT = YES;
			};
			name = Release;
		};
		C0262270250C721D0035DF13 /* Debug */ = {
			isa = XCBuildConfiguration;
			buildSettings = {
				ASSETCATALOG_COMPILER_APPICON_NAME = AppIcon;
				CODE_SIGN_STYLE = Automatic;
				DEVELOPMENT_TEAM = XC238MH24L;
				GCC_PREPROCESSOR_DEFINITIONS = (
					"DEBUG=1",
					"GLES_SILENCE_DEPRECATION=1",
				);
				INFOPLIST_FILE = HSGLPanoViewer/Info.plist;
				LD_RUNPATH_SEARCH_PATHS = (
					"$(inherited)",
					"@executable_path/Frameworks",
				);
				PRODUCT_BUNDLE_IDENTIFIER = com.HansonStudio.HSGLPanoViewer;
				PRODUCT_NAME = "$(TARGET_NAME)";
				SWIFT_VERSION = 5.0;
				TARGETED_DEVICE_FAMILY = "1,2";
			};
			name = Debug;
		};
		C0262271250C721D0035DF13 /* Release */ = {
			isa = XCBuildConfiguration;
			buildSettings = {
				ASSETCATALOG_COMPILER_APPICON_NAME = AppIcon;
				CODE_SIGN_STYLE = Automatic;
				DEVELOPMENT_TEAM = XC238MH24L;
				GCC_PREPROCESSOR_DEFINITIONS = "GLES_SILENCE_DEPRECATION=1";
				INFOPLIST_FILE = HSGLPanoViewer/Info.plist;
				LD_RUNPATH_SEARCH_PATHS = (
					"$(inherited)",
					"@executable_path/Frameworks",
				);
				PRODUCT_BUNDLE_IDENTIFIER = com.HansonStudio.HSGLPanoViewer;
				PRODUCT_NAME = "$(TARGET_NAME)";
				SWIFT_VERSION = 5.0;
				TARGETED_DEVICE_FAMILY = "1,2";
			};
			name = Release;
		};
/* End XCBuildConfiguration section */

/* Begin XCConfigurationList section */
		C0262256250C72190035DF13 /* Build configuration list for PBXProject "HSGLPanoViewer" */ = {
			isa = XCConfigurationList;
			buildConfigurations = (
				C026226D250C721D0035DF13 /* Debug */,
				C026226E250C721D0035DF13 /* Release */,
			);
			defaultConfigurationIsVisible = 0;
			defaultConfigurationName = Release;
		};
		C026226F250C721D0035DF13 /* Build configuration list for PBXNativeTarget "HSGLPanoViewer" */ = {
			isa = XCConfigurationList;
			buildConfigurations = (
				C0262270250C721D0035DF13 /* Debug */,
				C0262271250C721D0035DF13 /* Release */,
			);
			defaultConfigurationIsVisible = 0;
			defaultConfigurationName = Release;
		};
/* End XCConfigurationList section */
	};
	rootObject = C0262253250C72190035DF13 /* Project object */;
}
